
Microsoft Visual Studio Solution File, Format Version 12.00
# Visual Studio Version 17
VisualStudioVersion = 17.2.32630.192
MinimumVisualStudioVersion = 10.0.40219.1
Project("{9A19103F-16F7-4668-BE54-9A1E7A4F7556}") = "UnitTesting", "UnitTesting\UnitTesting.csproj", "{B67A1352-D3FA-4F8A-87D8-E9E61FD8FDDD}"
EndProject
Project("{FAE04EC0-301F-11D3-BF4B-00C04F79EFBC}") = "UnitTests", "UnitTests\UnitTests.csproj", "{7A420FF2-1B54-4C12-991C-F26BD7E79CE7}"
EndProject
Global
	GlobalSection(SolutionConfigurationPlatforms) = preSolution
		Debug|Any CPU = Debug|Any CPU
		Release|Any CPU = Release|Any CPU
	EndGlobalSection
	GlobalSection(ProjectConfigurationPlatforms) = postSolution
		{B67A1352-D3FA-4F8A-87D8-E9E61FD8FDDD}.Debug|Any CPU.ActiveCfg = Debug|Any CPU
		{B67A1352-D3FA-4F8A-87D8-E9E61FD8FDDD}.Debug|Any CPU.Build.0 = Debug|Any CPU
		{B67A1352-D3FA-4F8A-87D8-E9E61FD8FDDD}.Release|Any CPU.ActiveCfg = Release|Any CPU
		{B67A1352-D3FA-4F8A-87D8-E9E61FD8FDDD}.Release|Any CPU.Build.0 = Release|Any CPU
		{7A420FF2-1B54-4C12-991C-F26BD7E79CE7}.Debug|Any CPU.ActiveCfg = Debug|Any CPU
		{7A420FF2-1B54-4C12-991C-F26BD7E79CE7}.Debug|Any CPU.Build.0 = Debug|Any CPU
		{7A420FF2-1B54-4C12-991C-F26BD7E79CE7}.Release|Any CPU.ActiveCfg = Release|Any CPU
		{7A420FF2-1B54-4C12-991C-F26BD7E79CE7}.Release|Any CPU.Build.0 = Release|Any CPU
	EndGlobalSection
	GlobalSection(SolutionProperties) = preSolution
		HideSolutionNode = FALSE
	EndGlobalSection
	GlobalSection(ExtensibilityGlobals) = postSolution
		SolutionGuid = {55427851-C062-4AB2-AF61-BA91C6A0DAC1}
	EndGlobalSection
EndGlobal
